
Microsoft Visual Studio Solution File, Format Version 12.00
# Visual Studio 2012
Project("{FAE04EC0-301F-11D3-BF4B-00C04F79EFBC}") = "NWhatApi", "NWhatApi\NWhatApi.csproj", "{A836092E-98BB-4E18-A430-51ED08CE6DC1}"
EndProject
Project("{FAE04EC0-301F-11D3-BF4B-00C04F79EFBC}") = "Test", "Test\Test.csproj", "{C2432E24-8872-4D8E-B81B-D924DB2B40FC}"
EndProject
Global
	GlobalSection(SolutionConfigurationPlatforms) = preSolution
		Debug|Any CPU = Debug|Any CPU
		Release|Any CPU = Release|Any CPU
	EndGlobalSection
	GlobalSection(ProjectConfigurationPlatforms) = postSolution
		{A836092E-98BB-4E18-A430-51ED08CE6DC1}.Debug|Any CPU.ActiveCfg = Debug|Any CPU
		{A836092E-98BB-4E18-A430-51ED08CE6DC1}.Debug|Any CPU.Build.0 = Debug|Any CPU
		{A836092E-98BB-4E18-A430-51ED08CE6DC1}.Release|Any CPU.ActiveCfg = Release|Any CPU
		{A836092E-98BB-4E18-A430-51ED08CE6DC1}.Release|Any CPU.Build.0 = Release|Any CPU
		{C2432E24-8872-4D8E-B81B-D924DB2B40FC}.Debug|Any CPU.ActiveCfg = Debug|Any CPU
		{C2432E24-8872-4D8E-B81B-D924DB2B40FC}.Debug|Any CPU.Build.0 = Debug|Any CPU
		{C2432E24-8872-4D8E-B81B-D924DB2B40FC}.Release|Any CPU.ActiveCfg = Release|Any CPU
		{C2432E24-8872-4D8E-B81B-D924DB2B40FC}.Release|Any CPU.Build.0 = Release|Any CPU
	EndGlobalSection
	GlobalSection(SolutionProperties) = preSolution
		HideSolutionNode = FALSE
	EndGlobalSection
EndGlobal
